// !$*UTF8*$!
{
	archiveVersion = 1;
	classes = {
	};
	objectVersion = 46;
	objects = {

/* Begin PBXBuildFile section */
		CFB4EBA01CE0432200BAFCC2 /* AppDelegate.swift in Sources */ = {isa = PBXBuildFile; fileRef = CFB4EB9F1CE0432200BAFCC2 /* AppDelegate.swift */; };
		CFB4EBA21CE0432200BAFCC2 /* ViewController.swift in Sources */ = {isa = PBXBuildFile; fileRef = CFB4EBA11CE0432200BAFCC2 /* ViewController.swift */; };
		CFB4EBA51CE0432200BAFCC2 /* Main.storyboard in Resources */ = {isa = PBXBuildFile; fileRef = CFB4EBA31CE0432200BAFCC2 /* Main.storyboard */; };
		CFB4EBA71CE0432200BAFCC2 /* Assets.xcassets in Resources */ = {isa = PBXBuildFile; fileRef = CFB4EBA61CE0432200BAFCC2 /* Assets.xcassets */; };
		CFB4EBAA1CE0432200BAFCC2 /* LaunchScreen.storyboard in Resources */ = {isa = PBXBuildFile; fileRef = CFB4EBA81CE0432200BAFCC2 /* LaunchScreen.storyboard */; };
/* End PBXBuildFile section */

/* Begin PBXFileReference section */
		CFB4EB9C1CE0432200BAFCC2 /* Hamburguesas.app */ = {isa = PBXFileReference; explicitFileType = wrapper.application; includeInIndex = 0; path = Hamburguesas.app; sourceTree = BUILT_PRODUCTS_DIR; };
		CFB4EB9F1CE0432200BAFCC2 /* AppDelegate.swift */ = {isa = PBXFileReference; lastKnownFileType = sourcecode.swift; path = AppDelegate.swift; sourceTree = "<group>"; };
		CFB4EBA11CE0432200BAFCC2 /* ViewController.swift */ = {isa = PBXFileReference; lastKnownFileType = sourcecode.swift; path = ViewController.swift; sourceTree = "<group>"; };
		CFB4EBA41CE0432200BAFCC2 /* Base */ = {isa = PBXFileReference; lastKnownFileType = file.storyboard; name = Base; path = Base.lproj/Main.storyboard; sourceTree = "<group>"; };
		CFB4EBA61CE0432200BAFCC2 /* Assets.xcassets */ = {isa = PBXFileReference; lastKnownFileType = folder.assetcatalog; path = Assets.xcassets; sourceTree = "<group>"; };
		CFB4EBA91CE0432200BAFCC2 /* Base */ = {isa = PBXFileReference; lastKnownFileType = file.storyboard; name = Base; path = Base.lproj/LaunchScreen.storyboard; sourceTree = "<group>"; };
		CFB4EBAB1CE0432200BAFCC2 /* Info.plist */ = {isa = PBXFileReference; lastKnownFileType = text.plist.xml; path = Info.plist; sourceTree = "<group>"; };
/* End PBXFileReference section */

/* Begin PBXFrameworksBuildPhase section */
		CFB4EB991CE0432200BAFCC2 /* Frameworks */ = {
			isa = PBXFrameworksBuildPhase;
			buildActionMask = 2147483647;
			files = (
			);
			runOnlyForDeploymentPostprocessing = 0;
		};
/* End PBXFrameworksBuildPhase section */

/* Begin PBXGroup section */
		CFB4EB931CE0432200BAFCC2 = {
			isa = PBXGroup;
			children = (
				CFB4EB9E1CE0432200BAFCC2 /* Hamburguesas */,
				CFB4EB9D1CE0432200BAFCC2 /* Products */,
			);
			sourceTree = "<group>";
		};
		CFB4EB9D1CE0432200BAFCC2 /* Products */ = {
			isa = PBXGroup;
			children = (
				CFB4EB9C1CE0432200BAFCC2 /* Hamburguesas.app */,
			);
			name = Products;
			sourceTree = "<group>";
		};
		CFB4EB9E1CE0432200BAFCC2 /* Hamburguesas */ = {
			isa = PBXGroup;
			children = (
				CFB4EB9F1CE0432200BAFCC2 /* AppDelegate.swift */,
				CFB4EBA11CE0432200BAFCC2 /* ViewController.swift */,
				CFB4EBA31CE0432200BAFCC2 /* Main.storyboard */,
				CFB4EBA61CE0432200BAFCC2 /* Assets.xcassets */,
				CFB4EBA81CE0432200BAFCC2 /* LaunchScreen.storyboard */,
				CFB4EBAB1CE0432200BAFCC2 /* Info.plist */,
			);
			path = Hamburguesas;
			sourceTree = "<group>";
		};
/* End PBXGroup section */

/* Begin PBXNativeTarget section */
		CFB4EB9B1CE0432200BAFCC2 /* Hamburguesas */ = {
			isa = PBXNativeTarget;
			buildConfigurationList = CFB4EBAE1CE0432200BAFCC2 /* Build configuration list for PBXNativeTarget "Hamburguesas" */;
			buildPhases = (
				CFB4EB981CE0432200BAFCC2 /* Sources */,
				CFB4EB991CE0432200BAFCC2 /* Frameworks */,
				CFB4EB9A1CE0432200BAFCC2 /* Resources */,
			);
			buildRules = (
			);
			dependencies = (
			);
			name = Hamburguesas;
			productName = Hamburguesas;
			productReference = CFB4EB9C1CE0432200BAFCC2 /* Hamburguesas.app */;
			productType = "com.apple.product-type.application";
		};
/* End PBXNativeTarget section */

/* Begin PBXProject section */
		CFB4EB941CE0432200BAFCC2 /* Project object */ = {
			isa = PBXProject;
			attributes = {
				LastSwiftUpdateCheck = 0720;
				LastUpgradeCheck = 0720;
				ORGANIZATIONNAME = Jorge;
				TargetAttributes = {
					CFB4EB9B1CE0432200BAFCC2 = {
						CreatedOnToolsVersion = 7.2.1;
						DevelopmentTeam = 7VH7AG9LPH;
					};
				};
			};
			buildConfigurationList = CFB4EB971CE0432200BAFCC2 /* Build configuration list for PBXProject "Hamburguesas" */;
			compatibilityVersion = "Xcode 3.2";
			developmentRegion = English;
			hasScannedForEncodings = 0;
			knownRegions = (
				en,
				Base,
			);
			mainGroup = CFB4EB931CE0432200BAFCC2;
			productRefGroup = CFB4EB9D1CE0432200BAFCC2 /* Products */;
			projectDirPath = "";
			projectRoot = "";
			targets = (
				CFB4EB9B1CE0432200BAFCC2 /* Hamburguesas */,
			);
		};
/* End PBXProject section */

/* Begin PBXResourcesBuildPhase section */
		CFB4EB9A1CE0432200BAFCC2 /* Resources */ = {
			isa = PBXResourcesBuildPhase;
			buildActionMask = 2147483647;
			files = (
				CFB4EBAA1CE0432200BAFCC2 /* LaunchScreen.storyboard in Resources */,
				CFB4EBA71CE0432200BAFCC2 /* Assets.xcassets in Resources */,
				CFB4EBA51CE0432200BAFCC2 /* Main.storyboard in Resources */,
			);
			runOnlyForDeploymentPostprocessing = 0;
		};
/* End PBXResourcesBuildPhase section */

/* Begin PBXSourcesBuildPhase section */
		CFB4EB981CE0432200BAFCC2 /* Sources */ = {
			isa = PBXSourcesBuildPhase;
			buildActionMask = 2147483647;
			files = (
				CFB4EBA21CE0432200BAFCC2 /* ViewController.swift in Sources */,
				CFB4EBA01CE0432200BAFCC2 /* AppDelegate.swift in Sources */,
			);
			runOnlyForDeploymentPostprocessing = 0;
		};
/* End PBXSourcesBuildPhase section */

/* Begin PBXVariantGroup section */
		CFB4EBA31CE0432200BAFCC2 /* Main.storyboard */ = {
			isa = PBXVariantGroup;
			children = (
				CFB4EBA41CE0432200BAFCC2 /* Base */,
			);
			name = Main.storyboard;
			sourceTree = "<group>";
		};
		CFB4EBA81CE0432200BAFCC2 /* LaunchScreen.storyboard */ = {
			isa = PBXVariantGroup;
			children = (
				CFB4EBA91CE0432200BAFCC2 /* Base */,
			);
			name = LaunchScreen.storyboard;
			sourceTree = "<group>";
		};
/* End PBXVariantGroup section */

/* Begin XCBuildConfiguration section */
		CFB4EBAC1CE0432200BAFCC2 /* Debug */ = {
			isa = XCBuildConfiguration;
			buildSettings = {
				ALWAYS_SEARCH_USER_PATHS = NO;
				CLANG_CXX_LANGUAGE_STANDARD = "gnu++0x";
				CLANG_CXX_LIBRARY = "libc++";
				CLANG_ENABLE_MODULES = YES;
				CLANG_ENABLE_OBJC_ARC = YES;
				CLANG_WARN_BOOL_CONVERSION = YES;
				CLANG_WARN_CONSTANT_CONVERSION = YES;
				CLANG_WARN_DIRECT_OBJC_ISA_USAGE = YES_ERROR;
				CLANG_WARN_EMPTY_BODY = YES;
				CLANG_WARN_ENUM_CONVERSION = YES;
				CLANG_WARN_INT_CONVERSION = YES;
				CLANG_WARN_OBJC_ROOT_CLASS = YES_ERROR;
				CLANG_WARN_UNREACHABLE_CODE = YES;
				CLANG_WARN__DUPLICATE_METHOD_MATCH = YES;
				"CODE_SIGN_IDENTITY[sdk=iphoneos*]" = "iPhone Developer";
				COPY_PHASE_STRIP = NO;
				DEBUG_INFORMATION_FORMAT = dwarf;
				ENABLE_STRICT_OBJC_MSGSEND = YES;
				ENABLE_TESTABILITY = YES;
				GCC_C_LANGUAGE_STANDARD = gnu99;
				GCC_DYNAMIC_NO_PIC = NO;
				GCC_NO_COMMON_BLOCKS = YES;
				GCC_OPTIMIZATION_LEVEL = 0;
				GCC_PREPROCESSOR_DEFINITIONS = (
					"DEBUG=1",
					"$(inherited)",
				);
				GCC_WARN_64_TO_32_BIT_CONVERSION = YES;
				GCC_WARN_ABOUT_RETURN_TYPE = YES_ERROR;
				GCC_WARN_UNDECLARED_SELECTOR = YES;
				GCC_WARN_UNINITIALIZED_AUTOS = YES_AGGRESSIVE;
				GCC_WARN_UNUSED_FUNCTION = YES;
				GCC_WARN_UNUSED_VARIABLE = YES;
				IPHONEOS_DEPLOYMENT_TARGET = 9.2;
				MTL_ENABLE_DEBUG_INFO = YES;
				ONLY_ACTIVE_ARCH = YES;
				SDKROOT = iphoneos;
				SWIFT_OPTIMIZATION_LEVEL = "-Onone";
			};
			name = Debug;
		};
		CFB4EBAD1CE0432200BAFCC2 /* Release */ = {
			isa = XCBuildConfiguration;
			buildSettings = {
				ALWAYS_SEARCH_USER_PATHS = NO;
				CLANG_CXX_LANGUAGE_STANDARD = "gnu++0x";
				CLANG_CXX_LIBRARY = "libc++";
				CLANG_ENABLE_MODULES = YES;
				CLANG_ENABLE_OBJC_ARC = YES;
				CLANG_WARN_BOOL_CONVERSION = YES;
				CLANG_WARN_CONSTANT_CONVERSION = YES;
				CLANG_WARN_DIRECT_OBJC_ISA_USAGE = YES_ERROR;
				CLANG_WARN_EMPTY_BODY = YES;
				CLANG_WARN_ENUM_CONVERSION = YES;
				CLANG_WARN_INT_CONVERSION = YES;
				CLANG_WARN_OBJC_ROOT_CLASS = YES_ERROR;
				CLANG_WARN_UNREACHABLE_CODE = YES;
				CLANG_WARN__DUPLICATE_METHOD_MATCH = YES;
				"CODE_SIGN_IDENTITY[sdk=iphoneos*]" = "iPhone Developer";
				COPY_PHASE_STRIP = NO;
				DEBUG_INFORMATION_FORMAT = "dwarf-with-dsym";
				ENABLE_NS_ASSERTIONS = NO;
				ENABLE_STRICT_OBJC_MSGSEND = YES;
				GCC_C_LANGUAGE_STANDARD = gnu99;
				GCC_NO_COMMON_BLOCKS = YES;
				GCC_WARN_64_TO_32_BIT_CONVERSION = YES;
				GCC_WARN_ABOUT_RETURN_TYPE = YES_ERROR;
				GCC_WARN_UNDECLARED_SELECTOR = YES;
				GCC_WARN_UNINITIALIZED_AUTOS = YES_AGGRESSIVE;
				GCC_WARN_UNUSED_FUNCTION = YES;
				GCC_WARN_UNUSED_VARIABLE = YES;
				IPHONEOS_DEPLOYMENT_TARGET = 9.2;
				MTL_ENABLE_DEBUG_INFO = NO;
				SDKROOT = iphoneos;
				VALIDATE_PRODUCT = YES;
			};
			name = Release;
		};
		CFB4EBAF1CE0432200BAFCC2 /* Debug */ = {
			isa = XCBuildConfiguration;
			buildSettings = {
				ASSETCATALOG_COMPILER_APPICON_NAME = AppIcon;
				INFOPLIST_FILE = Hamburguesas/Info.plist;
				LD_RUNPATH_SEARCH_PATHS = "$(inherited) @executable_path/Frameworks";
				PRODUCT_BUNDLE_IDENTIFIER = jorgenizama.com.Hamburguesas;
				PRODUCT_NAME = "$(TARGET_NAME)";
			};
			name = Debug;
		};
		CFB4EBB01CE0432200BAFCC2 /* Release */ = {
			isa = XCBuildConfiguration;
			buildSettings = {
				ASSETCATALOG_COMPILER_APPICON_NAME = AppIcon;
				INFOPLIST_FILE = Hamburguesas/Info.plist;
				LD_RUNPATH_SEARCH_PATHS = "$(inherited) @executable_path/Frameworks";
				PRODUCT_BUNDLE_IDENTIFIER = jorgenizama.com.Hamburguesas;
				PRODUCT_NAME = "$(TARGET_NAME)";
			};
			name = Release;
		};
/* End XCBuildConfiguration section */

/* Begin XCConfigurationList section */
		CFB4EB971CE0432200BAFCC2 /* Build configuration list for PBXProject "Hamburguesas" */ = {
			isa = XCConfigurationList;
			buildConfigurations = (
				CFB4EBAC1CE0432200BAFCC2 /* Debug */,
				CFB4EBAD1CE0432200BAFCC2 /* Release */,
			);
			defaultConfigurationIsVisible = 0;
			defaultConfigurationName = Release;
		};
		CFB4EBAE1CE0432200BAFCC2 /* Build configuration list for PBXNativeTarget "Hamburguesas" */ = {
			isa = XCConfigurationList;
			buildConfigurations = (
				CFB4EBAF1CE0432200BAFCC2 /* Debug */,
				CFB4EBB01CE0432200BAFCC2 /* Release */,
			);
			defaultConfigurationIsVisible = 0;
		};
/* End XCConfigurationList section */
	};
	rootObject = CFB4EB941CE0432200BAFCC2 /* Project object */;
}
